
Microsoft Visual Studio Solution File, Format Version 12.00
# Visual Studio Version 17
VisualStudioVersion = 17.7.34031.279
MinimumVisualStudioVersion = 10.0.40219.1
Project("{FAE04EC0-301F-11D3-BF4B-00C04F79EFBC}") = "Hired1stTest", "Hired1stTest.csproj", "{3AFDD855-36D0-4FA0-A117-10A3D776ACA4}"
EndProject
Global
	GlobalSection(SolutionConfigurationPlatforms) = preSolution
		Debug|Any CPU = Debug|Any CPU
		Release|Any CPU = Release|Any CPU
	EndGlobalSection
	GlobalSection(ProjectConfigurationPlatforms) = postSolution
		{3AFDD855-36D0-4FA0-A117-10A3D776ACA4}.Debug|Any CPU.ActiveCfg = Debug|Any CPU
		{3AFDD855-36D0-4FA0-A117-10A3D776ACA4}.Debug|Any CPU.Build.0 = Debug|Any CPU
		{3AFDD855-36D0-4FA0-A117-10A3D776ACA4}.Release|Any CPU.ActiveCfg = Release|Any CPU
		{3AFDD855-36D0-4FA0-A117-10A3D776ACA4}.Release|Any CPU.Build.0 = Release|Any CPU
	EndGlobalSection
	GlobalSection(SolutionProperties) = preSolution
		HideSolutionNode = FALSE
	EndGlobalSection
	GlobalSection(ExtensibilityGlobals) = postSolution
		SolutionGuid = {F7DFDDCA-B667-4A3E-B98F-CEFED48B789D}
	EndGlobalSection
EndGlobal
